// !$*UTF8*$!
{
	archiveVersion = 1;
	classes = {
	};
	objectVersion = 50;
	objects = {

/* Begin PBXBuildFile section */
		6231B989244010C400E171AD /* NamedShape.swift in Sources */ = {isa = PBXBuildFile; fileRef = 6231B988244010C400E171AD /* NamedShape.swift */; };
		6231B98B244014D800E171AD /* Square.swift in Sources */ = {isa = PBXBuildFile; fileRef = 6231B98A244014D800E171AD /* Square.swift */; };
		6231B98D2440181000E171AD /* EquilateralTriangle.swift in Sources */ = {isa = PBXBuildFile; fileRef = 6231B98C2440181000E171AD /* EquilateralTriangle.swift */; };
		6231B98F24440A3200E171AD /* TriangleAndSquare.swift in Sources */ = {isa = PBXBuildFile; fileRef = 6231B98E24440A3200E171AD /* TriangleAndSquare.swift */; };
		6231B99124444C1B00E171AD /* WarpAndUnwarp.swift in Sources */ = {isa = PBXBuildFile; fileRef = 6231B99024444C1B00E171AD /* WarpAndUnwarp.swift */; };
		6231B993244540E500E171AD /* EnumSample.swift in Sources */ = {isa = PBXBuildFile; fileRef = 6231B992244540E500E171AD /* EnumSample.swift */; };
		6231B995244591CD00E171AD /* StructSample.swift in Sources */ = {isa = PBXBuildFile; fileRef = 6231B994244591CD00E171AD /* StructSample.swift */; };
		6231B9992445970300E171AD /* ProtocolSample.swift in Sources */ = {isa = PBXBuildFile; fileRef = 6231B9982445970300E171AD /* ProtocolSample.swift */; };
		6231B99D2446D79300E171AD /* ExtensionSample.swift in Sources */ = {isa = PBXBuildFile; fileRef = 6231B99C2446D79300E171AD /* ExtensionSample.swift */; };
		6231B99F246250FA00E171AD /* PrinterError.swift in Sources */ = {isa = PBXBuildFile; fileRef = 6231B99E246250FA00E171AD /* PrinterError.swift */; };
		6293F72A243C298400B0DEE2 /* AppDelegate.swift in Sources */ = {isa = PBXBuildFile; fileRef = 6293F729243C298400B0DEE2 /* AppDelegate.swift */; };
		6293F72C243C298400B0DEE2 /* SceneDelegate.swift in Sources */ = {isa = PBXBuildFile; fileRef = 6293F72B243C298400B0DEE2 /* SceneDelegate.swift */; };
		6293F72E243C298400B0DEE2 /* ContentView.swift in Sources */ = {isa = PBXBuildFile; fileRef = 6293F72D243C298400B0DEE2 /* ContentView.swift */; };
		6293F730243C298900B0DEE2 /* Assets.xcassets in Resources */ = {isa = PBXBuildFile; fileRef = 6293F72F243C298900B0DEE2 /* Assets.xcassets */; };
		6293F733243C298900B0DEE2 /* Preview Assets.xcassets in Resources */ = {isa = PBXBuildFile; fileRef = 6293F732243C298900B0DEE2 /* Preview Assets.xcassets */; };
		6293F736243C298900B0DEE2 /* LaunchScreen.storyboard in Resources */ = {isa = PBXBuildFile; fileRef = 6293F734243C298900B0DEE2 /* LaunchScreen.storyboard */; };
		6293F741243C298900B0DEE2 /* Swift5SyntaxTests.swift in Sources */ = {isa = PBXBuildFile; fileRef = 6293F740243C298900B0DEE2 /* Swift5SyntaxTests.swift */; };
		6293F74C243C298900B0DEE2 /* Swift5SyntaxUITests.swift in Sources */ = {isa = PBXBuildFile; fileRef = 6293F74B243C298900B0DEE2 /* Swift5SyntaxUITests.swift */; };
		6293F75A243C2BB100B0DEE2 /* HelloSwift.swift in Sources */ = {isa = PBXBuildFile; fileRef = 6293F759243C2BB100B0DEE2 /* HelloSwift.swift */; };
/* End PBXBuildFile section */

/* Begin PBXContainerItemProxy section */
		6293F73D243C298900B0DEE2 /* PBXContainerItemProxy */ = {
			isa = PBXContainerItemProxy;
			containerPortal = 6293F71E243C298400B0DEE2 /* Project object */;
			proxyType = 1;
			remoteGlobalIDString = 6293F725243C298400B0DEE2;
			remoteInfo = Swift5Syntax;
		};
		6293F748243C298900B0DEE2 /* PBXContainerItemProxy */ = {
			isa = PBXContainerItemProxy;
			containerPortal = 6293F71E243C298400B0DEE2 /* Project object */;
			proxyType = 1;
			remoteGlobalIDString = 6293F725243C298400B0DEE2;
			remoteInfo = Swift5Syntax;
		};
/* End PBXContainerItemProxy section */

/* Begin PBXFileReference section */
		6231B988244010C400E171AD /* NamedShape.swift */ = {isa = PBXFileReference; lastKnownFileType = sourcecode.swift; path = NamedShape.swift; sourceTree = "<group>"; };
		6231B98A244014D800E171AD /* Square.swift */ = {isa = PBXFileReference; lastKnownFileType = sourcecode.swift; path = Square.swift; sourceTree = "<group>"; };
		6231B98C2440181000E171AD /* EquilateralTriangle.swift */ = {isa = PBXFileReference; lastKnownFileType = sourcecode.swift; path = EquilateralTriangle.swift; sourceTree = "<group>"; };
		6231B98E24440A3200E171AD /* TriangleAndSquare.swift */ = {isa = PBXFileReference; lastKnownFileType = sourcecode.swift; path = TriangleAndSquare.swift; sourceTree = "<group>"; };
		6231B99024444C1B00E171AD /* WarpAndUnwarp.swift */ = {isa = PBXFileReference; lastKnownFileType = sourcecode.swift; path = WarpAndUnwarp.swift; sourceTree = "<group>"; };
		6231B992244540E500E171AD /* EnumSample.swift */ = {isa = PBXFileReference; lastKnownFileType = sourcecode.swift; path = EnumSample.swift; sourceTree = "<group>"; };
		6231B994244591CD00E171AD /* StructSample.swift */ = {isa = PBXFileReference; lastKnownFileType = sourcecode.swift; path = StructSample.swift; sourceTree = "<group>"; };
		6231B9982445970300E171AD /* ProtocolSample.swift */ = {isa = PBXFileReference; lastKnownFileType = sourcecode.swift; path = ProtocolSample.swift; sourceTree = "<group>"; };
		6231B99C2446D79300E171AD /* ExtensionSample.swift */ = {isa = PBXFileReference; lastKnownFileType = sourcecode.swift; path = ExtensionSample.swift; sourceTree = "<group>"; };
		6231B99E246250FA00E171AD /* PrinterError.swift */ = {isa = PBXFileReference; lastKnownFileType = sourcecode.swift; path = PrinterError.swift; sourceTree = "<group>"; };
		6293F726243C298400B0DEE2 /* Swift5Syntax.app */ = {isa = PBXFileReference; explicitFileType = wrapper.application; includeInIndex = 0; path = Swift5Syntax.app; sourceTree = BUILT_PRODUCTS_DIR; };
		6293F729243C298400B0DEE2 /* AppDelegate.swift */ = {isa = PBXFileReference; lastKnownFileType = sourcecode.swift; path = AppDelegate.swift; sourceTree = "<group>"; };
		6293F72B243C298400B0DEE2 /* SceneDelegate.swift */ = {isa = PBXFileReference; lastKnownFileType = sourcecode.swift; path = SceneDelegate.swift; sourceTree = "<group>"; };
		6293F72D243C298400B0DEE2 /* ContentView.swift */ = {isa = PBXFileReference; lastKnownFileType = sourcecode.swift; path = ContentView.swift; sourceTree = "<group>"; };
		6293F72F243C298900B0DEE2 /* Assets.xcassets */ = {isa = PBXFileReference; lastKnownFileType = folder.assetcatalog; path = Assets.xcassets; sourceTree = "<group>"; };
		6293F732243C298900B0DEE2 /* Preview Assets.xcassets */ = {isa = PBXFileReference; lastKnownFileType = folder.assetcatalog; path = "Preview Assets.xcassets"; sourceTree = "<group>"; };
		6293F735243C298900B0DEE2 /* Base */ = {isa = PBXFileReference; lastKnownFileType = file.storyboard; name = Base; path = Base.lproj/LaunchScreen.storyboard; sourceTree = "<group>"; };
		6293F737243C298900B0DEE2 /* Info.plist */ = {isa = PBXFileReference; lastKnownFileType = text.plist.xml; path = Info.plist; sourceTree = "<group>"; };
		6293F73C243C298900B0DEE2 /* Swift5SyntaxTests.xctest */ = {isa = PBXFileReference; explicitFileType = wrapper.cfbundle; includeInIndex = 0; path = Swift5SyntaxTests.xctest; sourceTree = BUILT_PRODUCTS_DIR; };
		6293F740243C298900B0DEE2 /* Swift5SyntaxTests.swift */ = {isa = PBXFileReference; lastKnownFileType = sourcecode.swift; path = Swift5SyntaxTests.swift; sourceTree = "<group>"; };
		6293F742243C298900B0DEE2 /* Info.plist */ = {isa = PBXFileReference; lastKnownFileType = text.plist.xml; path = Info.plist; sourceTree = "<group>"; };
		6293F747243C298900B0DEE2 /* Swift5SyntaxUITests.xctest */ = {isa = PBXFileReference; explicitFileType = wrapper.cfbundle; includeInIndex = 0; path = Swift5SyntaxUITests.xctest; sourceTree = BUILT_PRODUCTS_DIR; };
		6293F74B243C298900B0DEE2 /* Swift5SyntaxUITests.swift */ = {isa = PBXFileReference; lastKnownFileType = sourcecode.swift; path = Swift5SyntaxUITests.swift; sourceTree = "<group>"; };
		6293F74D243C298900B0DEE2 /* Info.plist */ = {isa = PBXFileReference; lastKnownFileType = text.plist.xml; path = Info.plist; sourceTree = "<group>"; };
		6293F759243C2BB100B0DEE2 /* HelloSwift.swift */ = {isa = PBXFileReference; lastKnownFileType = sourcecode.swift; path = HelloSwift.swift; sourceTree = "<group>"; };
/* End PBXFileReference section */

/* Begin PBXFrameworksBuildPhase section */
		6293F723243C298400B0DEE2 /* Frameworks */ = {
			isa = PBXFrameworksBuildPhase;
			buildActionMask = 2147483647;
			files = (
			);
			runOnlyForDeploymentPostprocessing = 0;
		};
		6293F739243C298900B0DEE2 /* Frameworks */ = {
			isa = PBXFrameworksBuildPhase;
			buildActionMask = 2147483647;
			files = (
			);
			runOnlyForDeploymentPostprocessing = 0;
		};
		6293F744243C298900B0DEE2 /* Frameworks */ = {
			isa = PBXFrameworksBuildPhase;
			buildActionMask = 2147483647;
			files = (
			);
			runOnlyForDeploymentPostprocessing = 0;
		};
/* End PBXFrameworksBuildPhase section */

/* Begin PBXGroup section */
		6231B9972445947B00E171AD /* Sample */ = {
			isa = PBXGroup;
			children = (
				6231B988244010C400E171AD /* NamedShape.swift */,
				6231B98A244014D800E171AD /* Square.swift */,
				6231B98C2440181000E171AD /* EquilateralTriangle.swift */,
				6231B98E24440A3200E171AD /* TriangleAndSquare.swift */,
				6231B99024444C1B00E171AD /* WarpAndUnwarp.swift */,
				6231B992244540E500E171AD /* EnumSample.swift */,
				6231B994244591CD00E171AD /* StructSample.swift */,
				6231B9982445970300E171AD /* ProtocolSample.swift */,
				6231B99C2446D79300E171AD /* ExtensionSample.swift */,
				6231B99E246250FA00E171AD /* PrinterError.swift */,
			);
			path = Sample;
			sourceTree = "<group>";
		};
		6293F71D243C298400B0DEE2 = {
			isa = PBXGroup;
			children = (
				6293F728243C298400B0DEE2 /* Swift5Syntax */,
				6293F73F243C298900B0DEE2 /* Swift5SyntaxTests */,
				6293F74A243C298900B0DEE2 /* Swift5SyntaxUITests */,
				6293F727243C298400B0DEE2 /* Products */,
			);
			sourceTree = "<group>";
		};
		6293F727243C298400B0DEE2 /* Products */ = {
			isa = PBXGroup;
			children = (
				6293F726243C298400B0DEE2 /* Swift5Syntax.app */,
				6293F73C243C298900B0DEE2 /* Swift5SyntaxTests.xctest */,
				6293F747243C298900B0DEE2 /* Swift5SyntaxUITests.xctest */,
			);
			name = Products;
			sourceTree = "<group>";
		};
		6293F728243C298400B0DEE2 /* Swift5Syntax */ = {
			isa = PBXGroup;
			children = (
				6231B9972445947B00E171AD /* Sample */,
				6293F729243C298400B0DEE2 /* AppDelegate.swift */,
				6293F72B243C298400B0DEE2 /* SceneDelegate.swift */,
				6293F72D243C298400B0DEE2 /* ContentView.swift */,
				6293F759243C2BB100B0DEE2 /* HelloSwift.swift */,
				6293F72F243C298900B0DEE2 /* Assets.xcassets */,
				6293F734243C298900B0DEE2 /* LaunchScreen.storyboard */,
				6293F737243C298900B0DEE2 /* Info.plist */,
				6293F731243C298900B0DEE2 /* Preview Content */,
			);
			path = Swift5Syntax;
			sourceTree = "<group>";
		};
		6293F731243C298900B0DEE2 /* Preview Content */ = {
			isa = PBXGroup;
			children = (
				6293F732243C298900B0DEE2 /* Preview Assets.xcassets */,
			);
			path = "Preview Content";
			sourceTree = "<group>";
		};
		6293F73F243C298900B0DEE2 /* Swift5SyntaxTests */ = {
			isa = PBXGroup;
			children = (
				6293F740243C298900B0DEE2 /* Swift5SyntaxTests.swift */,
				6293F742243C298900B0DEE2 /* Info.plist */,
			);
			path = Swift5SyntaxTests;
			sourceTree = "<group>";
		};
		6293F74A243C298900B0DEE2 /* Swift5SyntaxUITests */ = {
			isa = PBXGroup;
			children = (
				6293F74B243C298900B0DEE2 /* Swift5SyntaxUITests.swift */,
				6293F74D243C298900B0DEE2 /* Info.plist */,
			);
			path = Swift5SyntaxUITests;
			sourceTree = "<group>";
		};
/* End PBXGroup section */

/* Begin PBXNativeTarget section */
		6293F725243C298400B0DEE2 /* Swift5Syntax */ = {
			isa = PBXNativeTarget;
			buildConfigurationList = 6293F750243C298900B0DEE2 /* Build configuration list for PBXNativeTarget "Swift5Syntax" */;
			buildPhases = (
				6293F722243C298400B0DEE2 /* Sources */,
				6293F723243C298400B0DEE2 /* Frameworks */,
				6293F724243C298400B0DEE2 /* Resources */,
			);
			buildRules = (
			);
			dependencies = (
			);
			name = Swift5Syntax;
			productName = Swift5Syntax;
			productReference = 6293F726243C298400B0DEE2 /* Swift5Syntax.app */;
			productType = "com.apple.product-type.application";
		};
		6293F73B243C298900B0DEE2 /* Swift5SyntaxTests */ = {
			isa = PBXNativeTarget;
			buildConfigurationList = 6293F753243C298900B0DEE2 /* Build configuration list for PBXNativeTarget "Swift5SyntaxTests" */;
			buildPhases = (
				6293F738243C298900B0DEE2 /* Sources */,
				6293F739243C298900B0DEE2 /* Frameworks */,
				6293F73A243C298900B0DEE2 /* Resources */,
			);
			buildRules = (
			);
			dependencies = (
				6293F73E243C298900B0DEE2 /* PBXTargetDependency */,
			);
			name = Swift5SyntaxTests;
			productName = Swift5SyntaxTests;
			productReference = 6293F73C243C298900B0DEE2 /* Swift5SyntaxTests.xctest */;
			productType = "com.apple.product-type.bundle.unit-test";
		};
		6293F746243C298900B0DEE2 /* Swift5SyntaxUITests */ = {
			isa = PBXNativeTarget;
			buildConfigurationList = 6293F756243C298900B0DEE2 /* Build configuration list for PBXNativeTarget "Swift5SyntaxUITests" */;
			buildPhases = (
				6293F743243C298900B0DEE2 /* Sources */,
				6293F744243C298900B0DEE2 /* Frameworks */,
				6293F745243C298900B0DEE2 /* Resources */,
			);
			buildRules = (
			);
			dependencies = (
				6293F749243C298900B0DEE2 /* PBXTargetDependency */,
			);
			name = Swift5SyntaxUITests;
			productName = Swift5SyntaxUITests;
			productReference = 6293F747243C298900B0DEE2 /* Swift5SyntaxUITests.xctest */;
			productType = "com.apple.product-type.bundle.ui-testing";
		};
/* End PBXNativeTarget section */

/* Begin PBXProject section */
		6293F71E243C298400B0DEE2 /* Project object */ = {
			isa = PBXProject;
			attributes = {
				LastSwiftUpdateCheck = 1140;
				LastUpgradeCheck = 1140;
				ORGANIZATIONNAME = Aki.Xie;
				TargetAttributes = {
					6293F725243C298400B0DEE2 = {
						CreatedOnToolsVersion = 11.4;
					};
					6293F73B243C298900B0DEE2 = {
						CreatedOnToolsVersion = 11.4;
						TestTargetID = 6293F725243C298400B0DEE2;
					};
					6293F746243C298900B0DEE2 = {
						CreatedOnToolsVersion = 11.4;
						TestTargetID = 6293F725243C298400B0DEE2;
					};
				};
			};
			buildConfigurationList = 6293F721243C298400B0DEE2 /* Build configuration list for PBXProject "Swift5Syntax" */;
			compatibilityVersion = "Xcode 9.3";
			developmentRegion = en;
			hasScannedForEncodings = 0;
			knownRegions = (
				en,
				Base,
			);
			mainGroup = 6293F71D243C298400B0DEE2;
			productRefGroup = 6293F727243C298400B0DEE2 /* Products */;
			projectDirPath = "";
			projectRoot = "";
			targets = (
				6293F725243C298400B0DEE2 /* Swift5Syntax */,
				6293F73B243C298900B0DEE2 /* Swift5SyntaxTests */,
				6293F746243C298900B0DEE2 /* Swift5SyntaxUITests */,
			);
		};
/* End PBXProject section */

/* Begin PBXResourcesBuildPhase section */
		6293F724243C298400B0DEE2 /* Resources */ = {
			isa = PBXResourcesBuildPhase;
			buildActionMask = 2147483647;
			files = (
				6293F736243C298900B0DEE2 /* LaunchScreen.storyboard in Resources */,
				6293F733243C298900B0DEE2 /* Preview Assets.xcassets in Resources */,
				6293F730243C298900B0DEE2 /* Assets.xcassets in Resources */,
			);
			runOnlyForDeploymentPostprocessing = 0;
		};
		6293F73A243C298900B0DEE2 /* Resources */ = {
			isa = PBXResourcesBuildPhase;
			buildActionMask = 2147483647;
			files = (
			);
			runOnlyForDeploymentPostprocessing = 0;
		};
		6293F745243C298900B0DEE2 /* Resources */ = {
			isa = PBXResourcesBuildPhase;
			buildActionMask = 2147483647;
			files = (
			);
			runOnlyForDeploymentPostprocessing = 0;
		};
/* End PBXResourcesBuildPhase section */

/* Begin PBXSourcesBuildPhase section */
		6293F722243C298400B0DEE2 /* Sources */ = {
			isa = PBXSourcesBuildPhase;
			buildActionMask = 2147483647;
			files = (
				6231B995244591CD00E171AD /* StructSample.swift in Sources */,
				6231B98B244014D800E171AD /* Square.swift in Sources */,
				6231B98D2440181000E171AD /* EquilateralTriangle.swift in Sources */,
				6231B9992445970300E171AD /* ProtocolSample.swift in Sources */,
				6231B99D2446D79300E171AD /* ExtensionSample.swift in Sources */,
				6293F75A243C2BB100B0DEE2 /* HelloSwift.swift in Sources */,
				6231B99124444C1B00E171AD /* WarpAndUnwarp.swift in Sources */,
				6293F72A243C298400B0DEE2 /* AppDelegate.swift in Sources */,
				6231B98F24440A3200E171AD /* TriangleAndSquare.swift in Sources */,
				6293F72C243C298400B0DEE2 /* SceneDelegate.swift in Sources */,
				6231B989244010C400E171AD /* NamedShape.swift in Sources */,
				6231B99F246250FA00E171AD /* PrinterError.swift in Sources */,
				6231B993244540E500E171AD /* EnumSample.swift in Sources */,
				6293F72E243C298400B0DEE2 /* ContentView.swift in Sources */,
			);
			runOnlyForDeploymentPostprocessing = 0;
		};
		6293F738243C298900B0DEE2 /* Sources */ = {
			isa = PBXSourcesBuildPhase;
			buildActionMask = 2147483647;
			files = (
				6293F741243C298900B0DEE2 /* Swift5SyntaxTests.swift in Sources */,
			);
			runOnlyForDeploymentPostprocessing = 0;
		};
		6293F743243C298900B0DEE2 /* Sources */ = {
			isa = PBXSourcesBuildPhase;
			buildActionMask = 2147483647;
			files = (
				6293F74C243C298900B0DEE2 /* Swift5SyntaxUITests.swift in Sources */,
			);
			runOnlyForDeploymentPostprocessing = 0;
		};
/* End PBXSourcesBuildPhase section */

/* Begin PBXTargetDependency section */
		6293F73E243C298900B0DEE2 /* PBXTargetDependency */ = {
			isa = PBXTargetDependency;
			target = 6293F725243C298400B0DEE2 /* Swift5Syntax */;
			targetProxy = 6293F73D243C298900B0DEE2 /* PBXContainerItemProxy */;
		};
		6293F749243C298900B0DEE2 /* PBXTargetDependency */ = {
			isa = PBXTargetDependency;
			target = 6293F725243C298400B0DEE2 /* Swift5Syntax */;
			targetProxy = 6293F748243C298900B0DEE2 /* PBXContainerItemProxy */;
		};
/* End PBXTargetDependency section */

/* Begin PBXVariantGroup section */
		6293F734243C298900B0DEE2 /* LaunchScreen.storyboard */ = {
			isa = PBXVariantGroup;
			children = (
				6293F735243C298900B0DEE2 /* Base */,
			);
			name = LaunchScreen.storyboard;
			sourceTree = "<group>";
		};
/* End PBXVariantGroup section */

/* Begin XCBuildConfiguration section */
		6293F74E243C298900B0DEE2 /* Debug */ = {
			isa = XCBuildConfiguration;
			buildSettings = {
				ALWAYS_SEARCH_USER_PATHS = NO;
				CLANG_ANALYZER_NONNULL = YES;
				CLANG_ANALYZER_NUMBER_OBJECT_CONVERSION = YES_AGGRESSIVE;
				CLANG_CXX_LANGUAGE_STANDARD = "gnu++14";
				CLANG_CXX_LIBRARY = "libc++";
				CLANG_ENABLE_MODULES = YES;
				CLANG_ENABLE_OBJC_ARC = YES;
				CLANG_ENABLE_OBJC_WEAK = YES;
				CLANG_WARN_BLOCK_CAPTURE_AUTORELEASING = YES;
				CLANG_WARN_BOOL_CONVERSION = YES;
				CLANG_WARN_COMMA = YES;
				CLANG_WARN_CONSTANT_CONVERSION = YES;
				CLANG_WARN_DEPRECATED_OBJC_IMPLEMENTATIONS = YES;
				CLANG_WARN_DIRECT_OBJC_ISA_USAGE = YES_ERROR;
				CLANG_WARN_DOCUMENTATION_COMMENTS = YES;
				CLANG_WARN_EMPTY_BODY = YES;
				CLANG_WARN_ENUM_CONVERSION = YES;
				CLANG_WARN_INFINITE_RECURSION = YES;
				CLANG_WARN_INT_CONVERSION = YES;
				CLANG_WARN_NON_LITERAL_NULL_CONVERSION = YES;
				CLANG_WARN_OBJC_IMPLICIT_RETAIN_SELF = YES;
				CLANG_WARN_OBJC_LITERAL_CONVERSION = YES;
				CLANG_WARN_OBJC_ROOT_CLASS = YES_ERROR;
				CLANG_WARN_RANGE_LOOP_ANALYSIS = YES;
				CLANG_WARN_STRICT_PROTOTYPES = YES;
				CLANG_WARN_SUSPICIOUS_MOVE = YES;
				CLANG_WARN_UNGUARDED_AVAILABILITY = YES_AGGRESSIVE;
				CLANG_WARN_UNREACHABLE_CODE = YES;
				CLANG_WARN__DUPLICATE_METHOD_MATCH = YES;
				COPY_PHASE_STRIP = NO;
				DEBUG_INFORMATION_FORMAT = dwarf;
				ENABLE_STRICT_OBJC_MSGSEND = YES;
				ENABLE_TESTABILITY = YES;
				GCC_C_LANGUAGE_STANDARD = gnu11;
				GCC_DYNAMIC_NO_PIC = NO;
				GCC_NO_COMMON_BLOCKS = YES;
				GCC_OPTIMIZATION_LEVEL = 0;
				GCC_PREPROCESSOR_DEFINITIONS = (
					"DEBUG=1",
					"$(inherited)",
				);
				GCC_WARN_64_TO_32_BIT_CONVERSION = YES;
				GCC_WARN_ABOUT_RETURN_TYPE = YES_ERROR;
				GCC_WARN_UNDECLARED_SELECTOR = YES;
				GCC_WARN_UNINITIALIZED_AUTOS = YES_AGGRESSIVE;
				GCC_WARN_UNUSED_FUNCTION = YES;
				GCC_WARN_UNUSED_VARIABLE = YES;
				IPHONEOS_DEPLOYMENT_TARGET = 13.4;
				MTL_ENABLE_DEBUG_INFO = INCLUDE_SOURCE;
				MTL_FAST_MATH = YES;
				ONLY_ACTIVE_ARCH = YES;
				SDKROOT = iphoneos;
				SWIFT_ACTIVE_COMPILATION_CONDITIONS = DEBUG;
				SWIFT_OPTIMIZATION_LEVEL = "-Onone";
			};
			name = Debug;
		};
		6293F74F243C298900B0DEE2 /* Release */ = {
			isa = XCBuildConfiguration;
			buildSettings = {
				ALWAYS_SEARCH_USER_PATHS = NO;
				CLANG_ANALYZER_NONNULL = YES;
				CLANG_ANALYZER_NUMBER_OBJECT_CONVERSION = YES_AGGRESSIVE;
				CLANG_CXX_LANGUAGE_STANDARD = "gnu++14";
				CLANG_CXX_LIBRARY = "libc++";
				CLANG_ENABLE_MODULES = YES;
				CLANG_ENABLE_OBJC_ARC = YES;
				CLANG_ENABLE_OBJC_WEAK = YES;
				CLANG_WARN_BLOCK_CAPTURE_AUTORELEASING = YES;
				CLANG_WARN_BOOL_CONVERSION = YES;
				CLANG_WARN_COMMA = YES;
				CLANG_WARN_CONSTANT_CONVERSION = YES;
				CLANG_WARN_DEPRECATED_OBJC_IMPLEMENTATIONS = YES;
				CLANG_WARN_DIRECT_OBJC_ISA_USAGE = YES_ERROR;
				CLANG_WARN_DOCUMENTATION_COMMENTS = YES;
				CLANG_WARN_EMPTY_BODY = YES;
				CLANG_WARN_ENUM_CONVERSION = YES;
				CLANG_WARN_INFINITE_RECURSION = YES;
				CLANG_WARN_INT_CONVERSION = YES;
				CLANG_WARN_NON_LITERAL_NULL_CONVERSION = YES;
				CLANG_WARN_OBJC_IMPLICIT_RETAIN_SELF = YES;
				CLANG_WARN_OBJC_LITERAL_CONVERSION = YES;
				CLANG_WARN_OBJC_ROOT_CLASS = YES_ERROR;
				CLANG_WARN_RANGE_LOOP_ANALYSIS = YES;
				CLANG_WARN_STRICT_PROTOTYPES = YES;
				CLANG_WARN_SUSPICIOUS_MOVE = YES;
				CLANG_WARN_UNGUARDED_AVAILABILITY = YES_AGGRESSIVE;
				CLANG_WARN_UNREACHABLE_CODE = YES;
				CLANG_WARN__DUPLICATE_METHOD_MATCH = YES;
				COPY_PHASE_STRIP = NO;
				DEBUG_INFORMATION_FORMAT = "dwarf-with-dsym";
				ENABLE_NS_ASSERTIONS = NO;
				ENABLE_STRICT_OBJC_MSGSEND = YES;
				GCC_C_LANGUAGE_STANDARD = gnu11;
				GCC_NO_COMMON_BLOCKS = YES;
				GCC_WARN_64_TO_32_BIT_CONVERSION = YES;
				GCC_WARN_ABOUT_RETURN_TYPE = YES_ERROR;
				GCC_WARN_UNDECLARED_SELECTOR = YES;
				GCC_WARN_UNINITIALIZED_AUTOS = YES_AGGRESSIVE;
				GCC_WARN_UNUSED_FUNCTION = YES;
				GCC_WARN_UNUSED_VARIABLE = YES;
				IPHONEOS_DEPLOYMENT_TARGET = 13.4;
				MTL_ENABLE_DEBUG_INFO = NO;
				MTL_FAST_MATH = YES;
				SDKROOT = iphoneos;
				SWIFT_COMPILATION_MODE = wholemodule;
				SWIFT_OPTIMIZATION_LEVEL = "-O";
				VALIDATE_PRODUCT = YES;
			};
			name = Release;
		};
		6293F751243C298900B0DEE2 /* Debug */ = {
			isa = XCBuildConfiguration;
			buildSettings = {
				ASSETCATALOG_COMPILER_APPICON_NAME = AppIcon;
				CODE_SIGN_STYLE = Automatic;
				DEVELOPMENT_ASSET_PATHS = "\"Swift5Syntax/Preview Content\"";
				DEVELOPMENT_TEAM = C38VDDR6ZD;
				ENABLE_PREVIEWS = YES;
				INFOPLIST_FILE = Swift5Syntax/Info.plist;
				LD_RUNPATH_SEARCH_PATHS = (
					"$(inherited)",
					"@executable_path/Frameworks",
				);
				PRODUCT_BUNDLE_IDENTIFIER = AX.Swift5Syntax;
				PRODUCT_NAME = "$(TARGET_NAME)";
				SWIFT_VERSION = 5.0;
				TARGETED_DEVICE_FAMILY = "1,2";
			};
			name = Debug;
		};
		6293F752243C298900B0DEE2 /* Release */ = {
			isa = XCBuildConfiguration;
			buildSettings = {
				ASSETCATALOG_COMPILER_APPICON_NAME = AppIcon;
				CODE_SIGN_STYLE = Automatic;
				DEVELOPMENT_ASSET_PATHS = "\"Swift5Syntax/Preview Content\"";
				DEVELOPMENT_TEAM = C38VDDR6ZD;
				ENABLE_PREVIEWS = YES;
				INFOPLIST_FILE = Swift5Syntax/Info.plist;
				LD_RUNPATH_SEARCH_PATHS = (
					"$(inherited)",
					"@executable_path/Frameworks",
				);
				PRODUCT_BUNDLE_IDENTIFIER = AX.Swift5Syntax;
				PRODUCT_NAME = "$(TARGET_NAME)";
				SWIFT_VERSION = 5.0;
				TARGETED_DEVICE_FAMILY = "1,2";
			};
			name = Release;
		};
		6293F754243C298900B0DEE2 /* Debug */ = {
			isa = XCBuildConfiguration;
			buildSettings = {
				ALWAYS_EMBED_SWIFT_STANDARD_LIBRARIES = YES;
				BUNDLE_LOADER = "$(TEST_HOST)";
				CODE_SIGN_STYLE = Automatic;
				DEVELOPMENT_TEAM = C38VDDR6ZD;
				INFOPLIST_FILE = Swift5SyntaxTests/Info.plist;
				IPHONEOS_DEPLOYMENT_TARGET = 13.4;
				LD_RUNPATH_SEARCH_PATHS = (
					"$(inherited)",
					"@executable_path/Frameworks",
					"@loader_path/Frameworks",
				);
				PRODUCT_BUNDLE_IDENTIFIER = AX.Swift5SyntaxTests;
				PRODUCT_NAME = "$(TARGET_NAME)";
				SWIFT_VERSION = 5.0;
				TARGETED_DEVICE_FAMILY = "1,2";
				TEST_HOST = "$(BUILT_PRODUCTS_DIR)/Swift5Syntax.app/Swift5Syntax";
			};
			name = Debug;
		};
		6293F755243C298900B0DEE2 /* Release */ = {
			isa = XCBuildConfiguration;
			buildSettings = {
				ALWAYS_EMBED_SWIFT_STANDARD_LIBRARIES = YES;
				BUNDLE_LOADER = "$(TEST_HOST)";
				CODE_SIGN_STYLE = Automatic;
				DEVELOPMENT_TEAM = C38VDDR6ZD;
				INFOPLIST_FILE = Swift5SyntaxTests/Info.plist;
				IPHONEOS_DEPLOYMENT_TARGET = 13.4;
				LD_RUNPATH_SEARCH_PATHS = (
					"$(inherited)",
					"@executable_path/Frameworks",
					"@loader_path/Frameworks",
				);
				PRODUCT_BUNDLE_IDENTIFIER = AX.Swift5SyntaxTests;
				PRODUCT_NAME = "$(TARGET_NAME)";
				SWIFT_VERSION = 5.0;
				TARGETED_DEVICE_FAMILY = "1,2";
				TEST_HOST = "$(BUILT_PRODUCTS_DIR)/Swift5Syntax.app/Swift5Syntax";
			};
			name = Release;
		};
		6293F757243C298900B0DEE2 /* Debug */ = {
			isa = XCBuildConfiguration;
			buildSettings = {
				ALWAYS_EMBED_SWIFT_STANDARD_LIBRARIES = YES;
				CODE_SIGN_STYLE = Automatic;
				DEVELOPMENT_TEAM = C38VDDR6ZD;
				INFOPLIST_FILE = Swift5SyntaxUITests/Info.plist;
				LD_RUNPATH_SEARCH_PATHS = (
					"$(inherited)",
					"@executable_path/Frameworks",
					"@loader_path/Frameworks",
				);
				PRODUCT_BUNDLE_IDENTIFIER = AX.Swift5SyntaxUITests;
				PRODUCT_NAME = "$(TARGET_NAME)";
				SWIFT_VERSION = 5.0;
				TARGETED_DEVICE_FAMILY = "1,2";
				TEST_TARGET_NAME = Swift5Syntax;
			};
			name = Debug;
		};
		6293F758243C298900B0DEE2 /* Release */ = {
			isa = XCBuildConfiguration;
			buildSettings = {
				ALWAYS_EMBED_SWIFT_STANDARD_LIBRARIES = YES;
				CODE_SIGN_STYLE = Automatic;
				DEVELOPMENT_TEAM = C38VDDR6ZD;
				INFOPLIST_FILE = Swift5SyntaxUITests/Info.plist;
				LD_RUNPATH_SEARCH_PATHS = (
					"$(inherited)",
					"@executable_path/Frameworks",
					"@loader_path/Frameworks",
				);
				PRODUCT_BUNDLE_IDENTIFIER = AX.Swift5SyntaxUITests;
				PRODUCT_NAME = "$(TARGET_NAME)";
				SWIFT_VERSION = 5.0;
				TARGETED_DEVICE_FAMILY = "1,2";
				TEST_TARGET_NAME = Swift5Syntax;
			};
			name = Release;
		};
/* End XCBuildConfiguration section */

/* Begin XCConfigurationList section */
		6293F721243C298400B0DEE2 /* Build configuration list for PBXProject "Swift5Syntax" */ = {
			isa = XCConfigurationList;
			buildConfigurations = (
				6293F74E243C298900B0DEE2 /* Debug */,
				6293F74F243C298900B0DEE2 /* Release */,
			);
			defaultConfigurationIsVisible = 0;
			defaultConfigurationName = Release;
		};
		6293F750243C298900B0DEE2 /* Build configuration list for PBXNativeTarget "Swift5Syntax" */ = {
			isa = XCConfigurationList;
			buildConfigurations = (
				6293F751243C298900B0DEE2 /* Debug */,
				6293F752243C298900B0DEE2 /* Release */,
			);
			defaultConfigurationIsVisible = 0;
			defaultConfigurationName = Release;
		};
		6293F753243C298900B0DEE2 /* Build configuration list for PBXNativeTarget "Swift5SyntaxTests" */ = {
			isa = XCConfigurationList;
			buildConfigurations = (
				6293F754243C298900B0DEE2 /* Debug */,
				6293F755243C298900B0DEE2 /* Release */,
			);
			defaultConfigurationIsVisible = 0;
			defaultConfigurationName = Release;
		};
		6293F756243C298900B0DEE2 /* Build configuration list for PBXNativeTarget "Swift5SyntaxUITests" */ = {
			isa = XCConfigurationList;
			buildConfigurations = (
				6293F757243C298900B0DEE2 /* Debug */,
				6293F758243C298900B0DEE2 /* Release */,
			);
			defaultConfigurationIsVisible = 0;
			defaultConfigurationName = Release;
		};
/* End XCConfigurationList section */
	};
	rootObject = 6293F71E243C298400B0DEE2 /* Project object */;
}
